<?xml version="1.0" encoding="utf-8"?>
<Project ToolsVersion="4.0" xmlns="http://schemas.microsoft.com/developer/msbuild/2003">
  <ItemGroup>
    <Filter Include="Source Files">
      <UniqueIdentifier>{4FC737F1-C7A5-4376-A066-2A32D752A2FF}</UniqueIdentifier>
      <Extensions>cpp;c;cc;cxx;def;odl;idl;hpj;bat;asm;asmx</Extensions>
    </Filter>
    <Filter Include="Header Files">
      <UniqueIdentifier>{93995380-89BD-4b04-88EB-625FBE52EBFB}</UniqueIdentifier>
      <Extensions>h;hpp;hxx;hm;inl;inc;xsd</Extensions>
    </Filter>
    <Filter Include="Resource Files">
      <UniqueIdentifier>{67DA6AB6-F800-4c08-8B7A-83BB121AAD01}</UniqueIdentifier>
      <Extensions>rc;ico;cur;bmp;dlg;rc2;rct;bin;rgs;gif;jpg;jpeg;jpe;resx;tiff;tif;png;wav;mfcribbon-ms</Extensions>
    </Filter>
    <Filter Include="Driver Files">
      <UniqueIdentifier>{8E41214B-6785-4CFE-B992-037D68949A14}</UniqueIdentifier>
      <Extensions>inf;inv;inx;mof;mc;</Extensions>
    </Filter>
  </ItemGroup>
  <ItemGroup>
    <Inf Include="..\driver\wnbd.inf">
      <Filter>Driver Files</Filter>
    </Inf>
  </ItemGroup>
  <ItemGroup>
    <ClCompile Include="..\driver\driver.c">
      <Filter>Driver Files</Filter>
    </ClCompile>
    <ClCompile Include="..\driver\debug.c">
      <Filter>Driver Files</Filter>
    </ClCompile>
    <ClCompile Include="..\driver\util.c">
      <Filter>Driver Files</Filter>
    </ClCompile>
    <ClCompile Include="..\driver\scsi_function.c">
      <Filter>Driver Files</Filter>
    </ClCompile>
    <ClCompile Include="..\driver\nbd_protocol.c">
      <Filter>Driver Files</Filter>
    </ClCompile>
    <ClCompile Include="..\driver\userspace.c">
      <Filter>Driver Files</Filter>
    </ClCompile>
    <ClCompile Include="..\driver\scsi_operation.c">
      <Filter>Driver Files</Filter>
    </ClCompile>
    <ClCompile Include="..\driver\scsi_driver_extensions.c">
      <Filter>Driver Files</Filter>
    </ClCompile>
    <ClCompile Include="..\driver\scsi_trace.c">
      <Filter>Driver Files</Filter>
    </ClCompile>
    <ClCompile Include="..\driver\wnbd_dispatch.c">
      <Filter>Driver Files</Filter>
    </ClCompile>
  </ItemGroup>
  <ItemGroup>
    <ClInclude Include="..\driver\userspace.h">
      <Filter>Header Files</Filter>
    </ClInclude>
    <ClInclude Include="..\driver\driver.h">
      <Filter>Header Files</Filter>
    </ClInclude>
    <ClInclude Include="..\driver\util.h">
      <Filter>Header Files</Filter>
    </ClInclude>
    <ClInclude Include="..\driver\nbd_protocol.h">
      <Filter>Header Files</Filter>
    </ClInclude>
    <ClInclude Include="..\driver\scsi_driver_extensions.h">
      <Filter>Header Files</Filter>
    </ClInclude>
    <ClInclude Include="..\driver\scsi_function.h">
      <Filter>Header Files</Filter>
    </ClInclude>
    <ClInclude Include="..\driver\scsi_operation.h">
      <Filter>Header Files</Filter>
    </ClInclude>
    <ClInclude Include="..\driver\common.h">
      <Filter>Header Files</Filter>
    </ClInclude>
    <ClInclude Include="..\driver\debug.h">
      <Filter>Header Files</Filter>
    </ClInclude>
    <ClInclude Include="..\driver\scsi_trace.h">
      <Filter>Header Files</Filter>
    </ClInclude>
    <ClInclude Include="..\driver\srb_helper.h">
      <Filter>Header Files</Filter>
    </ClInclude>
    <ClInclude Include="..\driver\wnbd_dispatch.h">
      <Filter>Header Files</Filter>
    </ClInclude>
  </ItemGroup>
</Project>