Microsoft Visual Studio Solution File, Format Version 12.00
# Visual Studio Version 16
VisualStudioVersion = 16.0.29709.97
MinimumVisualStudioVersion = 10.0.40219.1
Project("{8BC9CEB8-8B4A-11D0-8D11-00A0C91BC942}") = "driver", "driver.vcxproj", "{0091FAE6-479E-40CB-985E-1AC3FB633391}"
	ProjectSection(ProjectDependencies) = postProject
		{4EE28B36-2083-4FBA-88D7-FE60027B81BB} = {4EE28B36-2083-4FBA-88D7-FE60027B81BB}
		{8C21EBB6-5127-4D50-A418-69771C8EC40E} = {8C21EBB6-5127-4D50-A418-69771C8EC40E}
	EndProjectSection
EndProject
Project("{8BC9CEB8-8B4A-11D0-8D11-00A0C91BC942}") = "ksocket_wsk", "..\ksocket_wsk\ksocket_wsk.vcxproj", "{8C21EBB6-5127-4D50-A418-69771C8EC40E}"
EndProject
Project("{8BC9CEB8-8B4A-11D0-8D11-00A0C91BC942}") = "wnbd-client", "..\wnbd-client\wnbd-client.vcxproj", "{A9A19AD0-D8F6-4D41-9B82-375370C408D7}"
	ProjectSection(ProjectDependencies) = postProject
		{15FFEE2F-F65A-47D1-8389-15E5ADD971CA} = {15FFEE2F-F65A-47D1-8389-15E5ADD971CA}
		{4EE28B36-2083-4FBA-88D7-FE60027B81BB} = {4EE28B36-2083-4FBA-88D7-FE60027B81BB}
	EndProjectSection
EndProject
Project("{8BC9CEB8-8B4A-11D0-8D11-00A0C91BC942}") = "libwnbd", "..\libwnbd\libwnbd.vcxproj", "{15FFEE2F-F65A-47D1-8389-15E5ADD971CA}"
	ProjectSection(ProjectDependencies) = postProject
		{4EE28B36-2083-4FBA-88D7-FE60027B81BB} = {4EE28B36-2083-4FBA-88D7-FE60027B81BB}
	EndProjectSection
EndProject
Project("{8BC9CEB8-8B4A-11D0-8D11-00A0C91BC942}") = "build_deps", "build_deps.vcxproj", "{4EE28B36-2083-4FBA-88D7-FE60027B81BB}"
EndProject
Project("{8BC9CEB8-8B4A-11D0-8D11-00A0C91BC942}") = "libwnbd_tests", "..\tests\libwnbd_tests\libwnbd_tests.vcxproj", "{CB9F16AC-7578-4122-A364-A54AA527C426}"
EndProject
Global
	GlobalSection(SolutionConfigurationPlatforms) = preSolution
		Analyze|x64 = Analyze|x64
		Debug|x64 = Debug|x64
		Release|x64 = Release|x64
	EndGlobalSection
	GlobalSection(ProjectConfigurationPlatforms) = postSolution
		{0091FAE6-479E-40CB-985E-1AC3FB633391}.Analyze|x64.ActiveCfg = Analyze|x64
		{0091FAE6-479E-40CB-985E-1AC3FB633391}.Analyze|x64.Build.0 = Analyze|x64
		{0091FAE6-479E-40CB-985E-1AC3FB633391}.Debug|x64.ActiveCfg = Debug|x64
		{0091FAE6-479E-40CB-985E-1AC3FB633391}.Debug|x64.Build.0 = Debug|x64
		{0091FAE6-479E-40CB-985E-1AC3FB633391}.Debug|x64.Deploy.0 = Debug|x64
		{0091FAE6-479E-40CB-985E-1AC3FB633391}.Release|x64.ActiveCfg = Release|x64
		{0091FAE6-479E-40CB-985E-1AC3FB633391}.Release|x64.Build.0 = Release|x64
		{0091FAE6-479E-40CB-985E-1AC3FB633391}.Release|x64.Deploy.0 = Release|x64
		{8C21EBB6-5127-4D50-A418-69771C8EC40E}.Analyze|x64.ActiveCfg = Analyze|x64
		{8C21EBB6-5127-4D50-A418-69771C8EC40E}.Analyze|x64.Build.0 = Analyze|x64
		{8C21EBB6-5127-4D50-A418-69771C8EC40E}.Debug|x64.ActiveCfg = Debug|x64
		{8C21EBB6-5127-4D50-A418-69771C8EC40E}.Debug|x64.Build.0 = Debug|x64
		{8C21EBB6-5127-4D50-A418-69771C8EC40E}.Debug|x64.Deploy.0 = Debug|x64
		{8C21EBB6-5127-4D50-A418-69771C8EC40E}.Release|x64.ActiveCfg = Release|x64
		{8C21EBB6-5127-4D50-A418-69771C8EC40E}.Release|x64.Build.0 = Release|x64
		{8C21EBB6-5127-4D50-A418-69771C8EC40E}.Release|x64.Deploy.0 = Release|x64
		{A9A19AD0-D8F6-4D41-9B82-375370C408D7}.Analyze|x64.ActiveCfg = Analyze|x64
		{A9A19AD0-D8F6-4D41-9B82-375370C408D7}.Analyze|x64.Build.0 = Analyze|x64
		{A9A19AD0-D8F6-4D41-9B82-375370C408D7}.Debug|x64.ActiveCfg = Debug|x64
		{A9A19AD0-D8F6-4D41-9B82-375370C408D7}.Debug|x64.Build.0 = Debug|x64
		{A9A19AD0-D8F6-4D41-9B82-375370C408D7}.Release|x64.ActiveCfg = Release|x64
		{A9A19AD0-D8F6-4D41-9B82-375370C408D7}.Release|x64.Build.0 = Release|x64
		{15FFEE2F-F65A-47D1-8389-15E5ADD971CA}.Analyze|x64.ActiveCfg = Analyze|x64
		{15FFEE2F-F65A-47D1-8389-15E5ADD971CA}.Analyze|x64.Build.0 = Analyze|x64
		{15FFEE2F-F65A-47D1-8389-15E5ADD971CA}.Debug|x64.ActiveCfg = Debug|x64
		{15FFEE2F-F65A-47D1-8389-15E5ADD971CA}.Debug|x64.Build.0 = Debug|x64
		{15FFEE2F-F65A-47D1-8389-15E5ADD971CA}.Release|x64.ActiveCfg = Release|x64
		{15FFEE2F-F65A-47D1-8389-15E5ADD971CA}.Release|x64.Build.0 = Release|x64
		{4EE28B36-2083-4FBA-88D7-FE60027B81BB}.Analyze|x64.ActiveCfg = Analyze|x64
		{4EE28B36-2083-4FBA-88D7-FE60027B81BB}.Analyze|x64.Build.0 = Analyze|x64
		{4EE28B36-2083-4FBA-88D7-FE60027B81BB}.Debug|x64.ActiveCfg = Debug|x64
		{4EE28B36-2083-4FBA-88D7-FE60027B81BB}.Debug|x64.Build.0 = Debug|x64
		{4EE28B36-2083-4FBA-88D7-FE60027B81BB}.Release|x64.ActiveCfg = Release|x64
		{4EE28B36-2083-4FBA-88D7-FE60027B81BB}.Release|x64.Build.0 = Release|x64
		{CB9F16AC-7578-4122-A364-A54AA527C426}.Analyze|x64.ActiveCfg = Debug|x64
		{CB9F16AC-7578-4122-A364-A54AA527C426}.Analyze|x64.Build.0 = Debug|x64
		{CB9F16AC-7578-4122-A364-A54AA527C426}.Debug|x64.ActiveCfg = Debug|x64
		{CB9F16AC-7578-4122-A364-A54AA527C426}.Debug|x64.Build.0 = Debug|x64
		{CB9F16AC-7578-4122-A364-A54AA527C426}.Release|x64.ActiveCfg = Release|x64
		{CB9F16AC-7578-4122-A364-A54AA527C426}.Release|x64.Build.0 = Release|x64
	EndGlobalSection
	GlobalSection(SolutionProperties) = preSolution
		HideSolutionNode = FALSE
	EndGlobalSection
	GlobalSection(ExtensibilityGlobals) = postSolution
		SolutionGuid = {AF477CB1-DB6A-40EF-9E01-934831548150}
	EndGlobalSection
EndGlobal
